
Microsoft Visual Studio Solution File, Format Version 12.00
# Visual Studio Version 17
VisualStudioVersion = 17.9.34701.34
MinimumVisualStudioVersion = 10.0.40219.1
Project("{FAE04EC0-301F-11D3-BF4B-00C04F79EFBC}") = "2280605780", "2280605780\2280605780.csproj", "{4675EC98-FE18-4A4A-A675-3C045B41D830}"
EndProject
Global
	GlobalSection(SolutionConfigurationPlatforms) = preSolution
		Debug|Any CPU = Debug|Any CPU
		Release|Any CPU = Release|Any CPU
	EndGlobalSection
	GlobalSection(ProjectConfigurationPlatforms) = postSolution
		{4675EC98-FE18-4A4A-A675-3C045B41D830}.Debug|Any CPU.ActiveCfg = Debug|Any CPU
		{4675EC98-FE18-4A4A-A675-3C045B41D830}.Debug|Any CPU.Build.0 = Debug|Any CPU
		{4675EC98-FE18-4A4A-A675-3C045B41D830}.Release|Any CPU.ActiveCfg = Release|Any CPU
		{4675EC98-FE18-4A4A-A675-3C045B41D830}.Release|Any CPU.Build.0 = Release|Any CPU
	EndGlobalSection
	GlobalSection(SolutionProperties) = preSolution
		HideSolutionNode = FALSE
	EndGlobalSection
	GlobalSection(ExtensibilityGlobals) = postSolution
		SolutionGuid = {8F7F992A-3F5B-4228-9115-0A83A18EA28D}
	EndGlobalSection
EndGlobal
