
Microsoft Visual Studio Solution File, Format Version 12.00
# Visual Studio Version 17
VisualStudioVersion = 17.11.35303.130
MinimumVisualStudioVersion = 10.0.40219.1
Project("{FAE04EC0-301F-11D3-BF4B-00C04F79EFBC}") = "WindowsFormsApp1", "WindowsFormsApp1\WindowsFormsApp1.csproj", "{E4EA9AE3-65C5-4908-8636-35947A2A337A}"
EndProject
Global
	GlobalSection(SolutionConfigurationPlatforms) = preSolution
		Debug|Any CPU = Debug|Any CPU
		Release|Any CPU = Release|Any CPU
	EndGlobalSection
	GlobalSection(ProjectConfigurationPlatforms) = postSolution
		{E4EA9AE3-65C5-4908-8636-35947A2A337A}.Debug|Any CPU.ActiveCfg = Debug|Any CPU
		{E4EA9AE3-65C5-4908-8636-35947A2A337A}.Debug|Any CPU.Build.0 = Debug|Any CPU
		{E4EA9AE3-65C5-4908-8636-35947A2A337A}.Release|Any CPU.ActiveCfg = Release|Any CPU
		{E4EA9AE3-65C5-4908-8636-35947A2A337A}.Release|Any CPU.Build.0 = Release|Any CPU
	EndGlobalSection
	GlobalSection(SolutionProperties) = preSolution
		HideSolutionNode = FALSE
	EndGlobalSection
	GlobalSection(ExtensibilityGlobals) = postSolution
		SolutionGuid = {395113C2-40D6-4FD2-B85F-B5060CBE0337}
	EndGlobalSection
EndGlobal
